
Microsoft Visual Studio Solution File, Format Version 12.00
# Visual Studio 15
VisualStudioVersion = 15.0.27004.2009
MinimumVisualStudioVersion = 10.0.40219.1
Project("{FAE04EC0-301F-11D3-BF4B-00C04F79EFBC}") = "CS470Capstone", "CCFLoggingConfig\CS470Capstone.csproj", "{F956F5BA-4CF6-4F18-BB33-6919DABDEBF1}"
EndProject
Global
	GlobalSection(SolutionConfigurationPlatforms) = preSolution
		Debug|Any CPU = Debug|Any CPU
		Release|Any CPU = Release|Any CPU
	EndGlobalSection
	GlobalSection(ProjectConfigurationPlatforms) = postSolution
		{F956F5BA-4CF6-4F18-BB33-6919DABDEBF1}.Debug|Any CPU.ActiveCfg = Debug|Any CPU
		{F956F5BA-4CF6-4F18-BB33-6919DABDEBF1}.Debug|Any CPU.Build.0 = Debug|Any CPU
		{F956F5BA-4CF6-4F18-BB33-6919DABDEBF1}.Release|Any CPU.ActiveCfg = Release|Any CPU
		{F956F5BA-4CF6-4F18-BB33-6919DABDEBF1}.Release|Any CPU.Build.0 = Release|Any CPU
	EndGlobalSection
	GlobalSection(SolutionProperties) = preSolution
		HideSolutionNode = FALSE
	EndGlobalSection
	GlobalSection(ExtensibilityGlobals) = postSolution
		SolutionGuid = {0870D6D3-43C3-429E-9668-3AFA238C2CA4}
	EndGlobalSection
EndGlobal
